
Microsoft Visual Studio Solution File, Format Version 12.00
# Visual Studio Version 17
VisualStudioVersion = 17.5.2.0
MinimumVisualStudioVersion = 10.0.40219.1
Project("{2150E333-8FDC-42A3-9474-1A3956D46DE8}") = "backend", "backend", "{1AE8ACA6-933B-BF2A-3671-3E2EAC007D16}"
EndProject
Project("{FAE04EC0-301F-11D3-BF4B-00C04F79EFBC}") = "ObituaryApp", "backend\ObituaryApp\ObituaryApp.csproj", "{BA56D2F7-DEA0-6587-4C9D-96CB263E3C6D}"
EndProject
Project("{FAE04EC0-301F-11D3-BF4B-00C04F79EFBC}") = "frontend", "frontend\frontend.csproj", "{AE0BD90D-DA0F-40D4-8C49-D5E3AABDCD7C}"
EndProject
Global
	GlobalSection(SolutionConfigurationPlatforms) = preSolution
		Debug|Any CPU = Debug|Any CPU
		Debug|x64 = Debug|x64
		Debug|x86 = Debug|x86
		Release|Any CPU = Release|Any CPU
		Release|x64 = Release|x64
		Release|x86 = Release|x86
	EndGlobalSection
	GlobalSection(ProjectConfigurationPlatforms) = postSolution
		{BA56D2F7-DEA0-6587-4C9D-96CB263E3C6D}.Debug|Any CPU.ActiveCfg = Debug|Any CPU
		{BA56D2F7-DEA0-6587-4C9D-96CB263E3C6D}.Debug|Any CPU.Build.0 = Debug|Any CPU
		{BA56D2F7-DEA0-6587-4C9D-96CB263E3C6D}.Debug|x64.ActiveCfg = Debug|Any CPU
		{BA56D2F7-DEA0-6587-4C9D-96CB263E3C6D}.Debug|x64.Build.0 = Debug|Any CPU
		{BA56D2F7-DEA0-6587-4C9D-96CB263E3C6D}.Debug|x86.ActiveCfg = Debug|Any CPU
		{BA56D2F7-DEA0-6587-4C9D-96CB263E3C6D}.Debug|x86.Build.0 = Debug|Any CPU
		{BA56D2F7-DEA0-6587-4C9D-96CB263E3C6D}.Release|Any CPU.ActiveCfg = Release|Any CPU
		{BA56D2F7-DEA0-6587-4C9D-96CB263E3C6D}.Release|Any CPU.Build.0 = Release|Any CPU
		{BA56D2F7-DEA0-6587-4C9D-96CB263E3C6D}.Release|x64.ActiveCfg = Release|Any CPU
		{BA56D2F7-DEA0-6587-4C9D-96CB263E3C6D}.Release|x64.Build.0 = Release|Any CPU
		{BA56D2F7-DEA0-6587-4C9D-96CB263E3C6D}.Release|x86.ActiveCfg = Release|Any CPU
		{BA56D2F7-DEA0-6587-4C9D-96CB263E3C6D}.Release|x86.Build.0 = Release|Any CPU
		{AE0BD90D-DA0F-40D4-8C49-D5E3AABDCD7C}.Debug|Any CPU.ActiveCfg = Debug|Any CPU
		{AE0BD90D-DA0F-40D4-8C49-D5E3AABDCD7C}.Debug|Any CPU.Build.0 = Debug|Any CPU
		{AE0BD90D-DA0F-40D4-8C49-D5E3AABDCD7C}.Debug|x64.ActiveCfg = Debug|Any CPU
		{AE0BD90D-DA0F-40D4-8C49-D5E3AABDCD7C}.Debug|x64.Build.0 = Debug|Any CPU
		{AE0BD90D-DA0F-40D4-8C49-D5E3AABDCD7C}.Debug|x86.ActiveCfg = Debug|Any CPU
		{AE0BD90D-DA0F-40D4-8C49-D5E3AABDCD7C}.Debug|x86.Build.0 = Debug|Any CPU
		{AE0BD90D-DA0F-40D4-8C49-D5E3AABDCD7C}.Release|Any CPU.ActiveCfg = Release|Any CPU
		{AE0BD90D-DA0F-40D4-8C49-D5E3AABDCD7C}.Release|Any CPU.Build.0 = Release|Any CPU
		{AE0BD90D-DA0F-40D4-8C49-D5E3AABDCD7C}.Release|x64.ActiveCfg = Release|Any CPU
		{AE0BD90D-DA0F-40D4-8C49-D5E3AABDCD7C}.Release|x64.Build.0 = Release|Any CPU
		{AE0BD90D-DA0F-40D4-8C49-D5E3AABDCD7C}.Release|x86.ActiveCfg = Release|Any CPU
		{AE0BD90D-DA0F-40D4-8C49-D5E3AABDCD7C}.Release|x86.Build.0 = Release|Any CPU
	EndGlobalSection
	GlobalSection(SolutionProperties) = preSolution
		HideSolutionNode = FALSE
	EndGlobalSection
	GlobalSection(NestedProjects) = preSolution
		{BA56D2F7-DEA0-6587-4C9D-96CB263E3C6D} = {1AE8ACA6-933B-BF2A-3671-3E2EAC007D16}
	EndGlobalSection
	GlobalSection(ExtensibilityGlobals) = postSolution
		SolutionGuid = {53B66101-5948-4B53-9524-3F8773D8B172}
	EndGlobalSection
EndGlobal
